
Microsoft Visual Studio Solution File, Format Version 12.00
# Visual Studio Version 16
VisualStudioVersion = 16.0.30406.217
MinimumVisualStudioVersion = 10.0.40219.1
Project("{9A19103F-16F7-4668-BE54-9A1E7A4F7556}") = "GraphODataTemplateWriter", "src\GraphODataTemplateWriter\GraphODataTemplateWriter.csproj", "{E6B5202F-4F66-428A-AB92-0AAA11BA81DE}"
EndProject
Project("{9A19103F-16F7-4668-BE54-9A1E7A4F7556}") = "Templates", "Templates\Templates.csproj", "{5F526973-F69E-4C26-B8AD-612590A17A9E}"
EndProject
Project("{9A19103F-16F7-4668-BE54-9A1E7A4F7556}") = "GraphODataTemplateWriter.Test", "GraphODataTemplateWriter.Test\GraphODataTemplateWriter.Test.csproj", "{2256EC8D-FD7E-4A49-B616-70755AFC9F6C}"
	ProjectSection(ProjectDependencies) = postProject
		{E6B5202F-4F66-428A-AB92-0AAA11BA81DE} = {E6B5202F-4F66-428A-AB92-0AAA11BA81DE}
		{5F526973-F69E-4C26-B8AD-612590A17A9E} = {5F526973-F69E-4C26-B8AD-612590A17A9E}
	EndProjectSection
EndProject
Project("{9A19103F-16F7-4668-BE54-9A1E7A4F7556}") = "Typewriter", "src\Typewriter\Typewriter.csproj", "{CA08F5D7-AA00-462E-BE5E-E4F54C257FA5}"
EndProject
Project("{9A19103F-16F7-4668-BE54-9A1E7A4F7556}") = "Vipr.Core", "submodules\vipr\src\Core\Vipr.Core\Vipr.Core.csproj", "{04C24936-006A-4FD8-A872-EE55588C1CBE}"
EndProject
Project("{9A19103F-16F7-4668-BE54-9A1E7A4F7556}") = "Vipr.Reader.OData.v4", "submodules\vipr\src\Readers\Vipr.Reader.OData.v4\Vipr.Reader.OData.v4.csproj", "{6D8D8008-0A34-490F-8B38-21D9C8BF25C0}"
EndProject
Project("{9A19103F-16F7-4668-BE54-9A1E7A4F7556}") = "Typewriter.Test", "test\Typewriter.Test\Typewriter.Test.csproj", "{4F1B8EF2-EAFD-4DDB-B688-1A134524047B}"
EndProject
Project("{9A19103F-16F7-4668-BE54-9A1E7A4F7556}") = "Vipr", "submodules\vipr\src\Core\Vipr\Vipr.csproj", "{D9E57059-BAD6-483B-985C-C7D1DA24ED7F}"
EndProject
Project("{9A19103F-16F7-4668-BE54-9A1E7A4F7556}") = "ODataReader.v4UnitTests", "submodules\vipr\test\ODataReader.v4UnitTests\ODataReader.v4UnitTests.csproj", "{0FE50B4D-1BB1-4CE5-91EA-D5046F326536}"
EndProject
Project("{9A19103F-16F7-4668-BE54-9A1E7A4F7556}") = "ApiDoctor.Publishing", "apidoctor\ApiDoctor.Publishing\ApiDoctor.Publishing.csproj", "{7415D4D2-6672-4A0B-AEFD-46AF4789D1A4}"
EndProject
Project("{9A19103F-16F7-4668-BE54-9A1E7A4F7556}") = "ApiDoctor.Validation", "apidoctor\ApiDoctor.Validation\ApiDoctor.Validation.csproj", "{8AF200E5-0D25-4645-9F73-BE7B39B58CA2}"
EndProject
Project("{9A19103F-16F7-4668-BE54-9A1E7A4F7556}") = "MarkdownDeep", "apidoctor\OSS\markdowndeep\MarkdownDeep\MarkdownDeep.csproj", "{928726B0-8D55-485A-9925-86C71CEBF4CB}"
EndProject
Global
	GlobalSection(SolutionConfigurationPlatforms) = preSolution
		Debug|Any CPU = Debug|Any CPU
		Release|Any CPU = Release|Any CPU
	EndGlobalSection
	GlobalSection(ProjectConfigurationPlatforms) = postSolution
		{E6B5202F-4F66-428A-AB92-0AAA11BA81DE}.Debug|Any CPU.ActiveCfg = Debug|Any CPU
		{E6B5202F-4F66-428A-AB92-0AAA11BA81DE}.Debug|Any CPU.Build.0 = Debug|Any CPU
		{E6B5202F-4F66-428A-AB92-0AAA11BA81DE}.Release|Any CPU.ActiveCfg = Release|Any CPU
		{E6B5202F-4F66-428A-AB92-0AAA11BA81DE}.Release|Any CPU.Build.0 = Release|Any CPU
		{5F526973-F69E-4C26-B8AD-612590A17A9E}.Debug|Any CPU.ActiveCfg = Debug|Any CPU
		{5F526973-F69E-4C26-B8AD-612590A17A9E}.Release|Any CPU.ActiveCfg = Release|Any CPU
		{2256EC8D-FD7E-4A49-B616-70755AFC9F6C}.Debug|Any CPU.ActiveCfg = Debug|Any CPU
		{2256EC8D-FD7E-4A49-B616-70755AFC9F6C}.Debug|Any CPU.Build.0 = Debug|Any CPU
		{2256EC8D-FD7E-4A49-B616-70755AFC9F6C}.Release|Any CPU.ActiveCfg = Debug|Any CPU
		{2256EC8D-FD7E-4A49-B616-70755AFC9F6C}.Release|Any CPU.Build.0 = Debug|Any CPU
		{CA08F5D7-AA00-462E-BE5E-E4F54C257FA5}.Debug|Any CPU.ActiveCfg = Debug|Any CPU
		{CA08F5D7-AA00-462E-BE5E-E4F54C257FA5}.Debug|Any CPU.Build.0 = Debug|Any CPU
		{CA08F5D7-AA00-462E-BE5E-E4F54C257FA5}.Release|Any CPU.ActiveCfg = Release|Any CPU
		{CA08F5D7-AA00-462E-BE5E-E4F54C257FA5}.Release|Any CPU.Build.0 = Release|Any CPU
		{04C24936-006A-4FD8-A872-EE55588C1CBE}.Debug|Any CPU.ActiveCfg = Debug|Any CPU
		{04C24936-006A-4FD8-A872-EE55588C1CBE}.Debug|Any CPU.Build.0 = Debug|Any CPU
		{04C24936-006A-4FD8-A872-EE55588C1CBE}.Release|Any CPU.ActiveCfg = Release|Any CPU
		{04C24936-006A-4FD8-A872-EE55588C1CBE}.Release|Any CPU.Build.0 = Release|Any CPU
		{6D8D8008-0A34-490F-8B38-21D9C8BF25C0}.Debug|Any CPU.ActiveCfg = Debug|Any CPU
		{6D8D8008-0A34-490F-8B38-21D9C8BF25C0}.Debug|Any CPU.Build.0 = Debug|Any CPU
		{6D8D8008-0A34-490F-8B38-21D9C8BF25C0}.Release|Any CPU.ActiveCfg = Release|Any CPU
		{6D8D8008-0A34-490F-8B38-21D9C8BF25C0}.Release|Any CPU.Build.0 = Release|Any CPU
		{4F1B8EF2-EAFD-4DDB-B688-1A134524047B}.Debug|Any CPU.ActiveCfg = Debug|Any CPU
		{4F1B8EF2-EAFD-4DDB-B688-1A134524047B}.Debug|Any CPU.Build.0 = Debug|Any CPU
		{4F1B8EF2-EAFD-4DDB-B688-1A134524047B}.Release|Any CPU.ActiveCfg = Release|Any CPU
		{4F1B8EF2-EAFD-4DDB-B688-1A134524047B}.Release|Any CPU.Build.0 = Release|Any CPU
		{D9E57059-BAD6-483B-985C-C7D1DA24ED7F}.Debug|Any CPU.ActiveCfg = Debug|Any CPU
		{D9E57059-BAD6-483B-985C-C7D1DA24ED7F}.Debug|Any CPU.Build.0 = Debug|Any CPU
		{D9E57059-BAD6-483B-985C-C7D1DA24ED7F}.Release|Any CPU.ActiveCfg = Release|Any CPU
		{D9E57059-BAD6-483B-985C-C7D1DA24ED7F}.Release|Any CPU.Build.0 = Release|Any CPU
		{0FE50B4D-1BB1-4CE5-91EA-D5046F326536}.Debug|Any CPU.ActiveCfg = Debug|Any CPU
		{0FE50B4D-1BB1-4CE5-91EA-D5046F326536}.Debug|Any CPU.Build.0 = Debug|Any CPU
		{0FE50B4D-1BB1-4CE5-91EA-D5046F326536}.Release|Any CPU.ActiveCfg = Release|Any CPU
		{0FE50B4D-1BB1-4CE5-91EA-D5046F326536}.Release|Any CPU.Build.0 = Release|Any CPU
		{7415D4D2-6672-4A0B-AEFD-46AF4789D1A4}.Debug|Any CPU.ActiveCfg = Debug|Any CPU
		{7415D4D2-6672-4A0B-AEFD-46AF4789D1A4}.Debug|Any CPU.Build.0 = Debug|Any CPU
		{7415D4D2-6672-4A0B-AEFD-46AF4789D1A4}.Release|Any CPU.ActiveCfg = Release|Any CPU
		{7415D4D2-6672-4A0B-AEFD-46AF4789D1A4}.Release|Any CPU.Build.0 = Release|Any CPU
		{8AF200E5-0D25-4645-9F73-BE7B39B58CA2}.Debug|Any CPU.ActiveCfg = Debug|Any CPU
		{8AF200E5-0D25-4645-9F73-BE7B39B58CA2}.Debug|Any CPU.Build.0 = Debug|Any CPU
		{8AF200E5-0D25-4645-9F73-BE7B39B58CA2}.Release|Any CPU.ActiveCfg = Release|Any CPU
		{8AF200E5-0D25-4645-9F73-BE7B39B58CA2}.Release|Any CPU.Build.0 = Release|Any CPU
		{928726B0-8D55-485A-9925-86C71CEBF4CB}.Debug|Any CPU.ActiveCfg = Debug|Any CPU
		{928726B0-8D55-485A-9925-86C71CEBF4CB}.Debug|Any CPU.Build.0 = Debug|Any CPU
		{928726B0-8D55-485A-9925-86C71CEBF4CB}.Release|Any CPU.ActiveCfg = Release|Any CPU
		{928726B0-8D55-485A-9925-86C71CEBF4CB}.Release|Any CPU.Build.0 = Release|Any CPU
	EndGlobalSection
	GlobalSection(SolutionProperties) = preSolution
		HideSolutionNode = FALSE
	EndGlobalSection
	GlobalSection(ExtensibilityGlobals) = postSolution
		SolutionGuid = {C61920F8-6272-4B08-8A79-3E2B6EDD0C60}
	EndGlobalSection
EndGlobal
