
Microsoft Visual Studio Solution File, Format Version 12.00
# Visual Studio 2013
VisualStudioVersion = 12.0.31101.0
MinimumVisualStudioVersion = 10.0.40219.1
Project("{2150E333-8FDC-42A3-9474-1A3956D46DE8}") = "src", "src", "{238E3542-5478-4630-AFBE-470BACFE17CE}"
EndProject
Project("{2150E333-8FDC-42A3-9474-1A3956D46DE8}") = "test", "test", "{B121B9D8-097D-499E-B196-1677B0A80815}"
EndProject
Project("{2150E333-8FDC-42A3-9474-1A3956D46DE8}") = "Vipr", "Vipr", "{0E8CEAD0-C87F-4EAF-B77B-AE418A9C244D}"
EndProject
Project("{2150E333-8FDC-42A3-9474-1A3956D46DE8}") = ".nuget", ".nuget", "{6ACF6CEE-A594-4DFE-9286-C7154E91738B}"
	ProjectSection(SolutionItems) = preProject
		.nuget\NuGet.Config = .nuget\NuGet.Config
		.nuget\NuGet.exe = .nuget\NuGet.exe
		.nuget\NuGet.targets = .nuget\NuGet.targets
	EndProjectSection
EndProject
Project("{FAE04EC0-301F-11D3-BF4B-00C04F79EFBC}") = "Vipr.Core", "submodules\vipr\src\Core\Vipr.Core\Vipr.Core.csproj", "{04C24936-006A-4FD8-A872-EE55588C1CBE}"
EndProject
Project("{FAE04EC0-301F-11D3-BF4B-00C04F79EFBC}") = "Vipr.T4TemplateWriter", "src\T4TemplateWriter\Vipr.T4TemplateWriter.csproj", "{E6B5202F-4F66-428A-AB92-0AAA11BA81DE}"
	ProjectSection(ProjectDependencies) = postProject
		{D9E57059-BAD6-483B-985C-C7D1DA24ED7F} = {D9E57059-BAD6-483B-985C-C7D1DA24ED7F}
	EndProjectSection
EndProject
Project("{FAE04EC0-301F-11D3-BF4B-00C04F79EFBC}") = "Vipr", "submodules\vipr\src\Core\Vipr\Vipr.csproj", "{D9E57059-BAD6-483B-985C-C7D1DA24ED7F}"
EndProject
Project("{FAE04EC0-301F-11D3-BF4B-00C04F79EFBC}") = "T4TemplateWriterTests", "test\T4TemplateWriterTests\T4TemplateWriterTests.csproj", "{A4C63B2D-74B5-4C1B-A2CA-BEEF7DE45EB0}"
EndProject
Project("{FAE04EC0-301F-11D3-BF4B-00C04F79EFBC}") = "Vipr.Reader.OData.v4", "submodules\vipr\src\Readers\Vipr.Reader.OData.v4\Vipr.Reader.OData.v4.csproj", "{6D8D8008-0A34-490F-8B38-21D9C8BF25C0}"
EndProject
Global
	GlobalSection(SolutionConfigurationPlatforms) = preSolution
		Debug|Any CPU = Debug|Any CPU
		Release|Any CPU = Release|Any CPU
	EndGlobalSection
	GlobalSection(ProjectConfigurationPlatforms) = postSolution
		{04C24936-006A-4FD8-A872-EE55588C1CBE}.Debug|Any CPU.ActiveCfg = Debug|Any CPU
		{04C24936-006A-4FD8-A872-EE55588C1CBE}.Debug|Any CPU.Build.0 = Debug|Any CPU
		{04C24936-006A-4FD8-A872-EE55588C1CBE}.Release|Any CPU.ActiveCfg = Release|Any CPU
		{04C24936-006A-4FD8-A872-EE55588C1CBE}.Release|Any CPU.Build.0 = Release|Any CPU
		{E6B5202F-4F66-428A-AB92-0AAA11BA81DE}.Debug|Any CPU.ActiveCfg = Debug|Any CPU
		{E6B5202F-4F66-428A-AB92-0AAA11BA81DE}.Debug|Any CPU.Build.0 = Debug|Any CPU
		{E6B5202F-4F66-428A-AB92-0AAA11BA81DE}.Release|Any CPU.ActiveCfg = Release|Any CPU
		{E6B5202F-4F66-428A-AB92-0AAA11BA81DE}.Release|Any CPU.Build.0 = Release|Any CPU
		{D9E57059-BAD6-483B-985C-C7D1DA24ED7F}.Debug|Any CPU.ActiveCfg = Debug|Any CPU
		{D9E57059-BAD6-483B-985C-C7D1DA24ED7F}.Debug|Any CPU.Build.0 = Debug|Any CPU
		{D9E57059-BAD6-483B-985C-C7D1DA24ED7F}.Release|Any CPU.ActiveCfg = Release|Any CPU
		{D9E57059-BAD6-483B-985C-C7D1DA24ED7F}.Release|Any CPU.Build.0 = Release|Any CPU
		{A4C63B2D-74B5-4C1B-A2CA-BEEF7DE45EB0}.Debug|Any CPU.ActiveCfg = Debug|Any CPU
		{A4C63B2D-74B5-4C1B-A2CA-BEEF7DE45EB0}.Debug|Any CPU.Build.0 = Debug|Any CPU
		{A4C63B2D-74B5-4C1B-A2CA-BEEF7DE45EB0}.Release|Any CPU.ActiveCfg = Release|Any CPU
		{A4C63B2D-74B5-4C1B-A2CA-BEEF7DE45EB0}.Release|Any CPU.Build.0 = Release|Any CPU
		{6D8D8008-0A34-490F-8B38-21D9C8BF25C0}.Debug|Any CPU.ActiveCfg = Debug|Any CPU
		{6D8D8008-0A34-490F-8B38-21D9C8BF25C0}.Debug|Any CPU.Build.0 = Debug|Any CPU
		{6D8D8008-0A34-490F-8B38-21D9C8BF25C0}.Release|Any CPU.ActiveCfg = Release|Any CPU
		{6D8D8008-0A34-490F-8B38-21D9C8BF25C0}.Release|Any CPU.Build.0 = Release|Any CPU
	EndGlobalSection
	GlobalSection(SolutionProperties) = preSolution
		HideSolutionNode = FALSE
	EndGlobalSection
	GlobalSection(NestedProjects) = preSolution
		{0E8CEAD0-C87F-4EAF-B77B-AE418A9C244D} = {238E3542-5478-4630-AFBE-470BACFE17CE}
		{04C24936-006A-4FD8-A872-EE55588C1CBE} = {0E8CEAD0-C87F-4EAF-B77B-AE418A9C244D}
		{E6B5202F-4F66-428A-AB92-0AAA11BA81DE} = {238E3542-5478-4630-AFBE-470BACFE17CE}
		{D9E57059-BAD6-483B-985C-C7D1DA24ED7F} = {0E8CEAD0-C87F-4EAF-B77B-AE418A9C244D}
		{A4C63B2D-74B5-4C1B-A2CA-BEEF7DE45EB0} = {B121B9D8-097D-499E-B196-1677B0A80815}
		{6D8D8008-0A34-490F-8B38-21D9C8BF25C0} = {0E8CEAD0-C87F-4EAF-B77B-AE418A9C244D}
	EndGlobalSection
EndGlobal
